
Microsoft Visual Studio Solution File, Format Version 12.00
# Visual Studio Version 17
VisualStudioVersion = 17.4.33213.308
MinimumVisualStudioVersion = 10.0.40219.1
Project("{FAE04EC0-301F-11D3-BF4B-00C04F79EFBC}") = "5", "5\5.csproj", "{BCA2D15A-D7A4-4659-BD0A-5F6E5C14B41C}"
EndProject
Global
	GlobalSection(SolutionConfigurationPlatforms) = preSolution
		Debug|Any CPU = Debug|Any CPU
		Release|Any CPU = Release|Any CPU
	EndGlobalSection
	GlobalSection(ProjectConfigurationPlatforms) = postSolution
		{BCA2D15A-D7A4-4659-BD0A-5F6E5C14B41C}.Debug|Any CPU.ActiveCfg = Debug|Any CPU
		{BCA2D15A-D7A4-4659-BD0A-5F6E5C14B41C}.Debug|Any CPU.Build.0 = Debug|Any CPU
		{BCA2D15A-D7A4-4659-BD0A-5F6E5C14B41C}.Release|Any CPU.ActiveCfg = Release|Any CPU
		{BCA2D15A-D7A4-4659-BD0A-5F6E5C14B41C}.Release|Any CPU.Build.0 = Release|Any CPU
	EndGlobalSection
	GlobalSection(SolutionProperties) = preSolution
		HideSolutionNode = FALSE
	EndGlobalSection
	GlobalSection(ExtensibilityGlobals) = postSolution
		SolutionGuid = {53D1DC0C-8902-4C2E-BBCE-C87DFC3FE021}
	EndGlobalSection
EndGlobal
